
Microsoft Visual Studio Solution File, Format Version 12.00
# Visual Studio 15
VisualStudioVersion = 15.0.27703.2047
MinimumVisualStudioVersion = 10.0.40219.1
Project("{FAE04EC0-301F-11D3-BF4B-00C04F79EFBC}") = "CoreTeamPrivacyTool", "CoreTeamPrivacyTool\CoreTeamPrivacyTool.csproj", "{EF05ABEC-78C8-453D-B637-EAF50A6C472C}"
EndProject
Global
	GlobalSection(SolutionConfigurationPlatforms) = preSolution
		Debug|Any CPU = Debug|Any CPU
		Release|Any CPU = Release|Any CPU
	EndGlobalSection
	GlobalSection(ProjectConfigurationPlatforms) = postSolution
		{EF05ABEC-78C8-453D-B637-EAF50A6C472C}.Debug|Any CPU.ActiveCfg = Debug|Any CPU
		{EF05ABEC-78C8-453D-B637-EAF50A6C472C}.Debug|Any CPU.Build.0 = Debug|Any CPU
		{EF05ABEC-78C8-453D-B637-EAF50A6C472C}.Release|Any CPU.ActiveCfg = Release|Any CPU
		{EF05ABEC-78C8-453D-B637-EAF50A6C472C}.Release|Any CPU.Build.0 = Release|Any CPU
	EndGlobalSection
	GlobalSection(SolutionProperties) = preSolution
		HideSolutionNode = FALSE
	EndGlobalSection
	GlobalSection(ExtensibilityGlobals) = postSolution
		SolutionGuid = {7959C40C-509A-40BD-960D-C8B214F25CFA}
	EndGlobalSection
EndGlobal
